
Microsoft Visual Studio Solution File, Format Version 12.00
# Visual Studio Version 16
VisualStudioVersion = 16.0.29920.165
MinimumVisualStudioVersion = 10.0.40219.1
Project("{FAE04EC0-301F-11D3-BF4B-00C04F79EFBC}") = "ProxyPatternDemo", "ProxyPatternDemo\ProxyPatternDemo.csproj", "{84D50E9F-5EED-4675-9B08-5D2C0DC068CA}"
EndProject
Global
	GlobalSection(SolutionConfigurationPlatforms) = preSolution
		Debug|Any CPU = Debug|Any CPU
		Release|Any CPU = Release|Any CPU
	EndGlobalSection
	GlobalSection(ProjectConfigurationPlatforms) = postSolution
		{84D50E9F-5EED-4675-9B08-5D2C0DC068CA}.Debug|Any CPU.ActiveCfg = Debug|Any CPU
		{84D50E9F-5EED-4675-9B08-5D2C0DC068CA}.Debug|Any CPU.Build.0 = Debug|Any CPU
		{84D50E9F-5EED-4675-9B08-5D2C0DC068CA}.Release|Any CPU.ActiveCfg = Release|Any CPU
		{84D50E9F-5EED-4675-9B08-5D2C0DC068CA}.Release|Any CPU.Build.0 = Release|Any CPU
	EndGlobalSection
	GlobalSection(SolutionProperties) = preSolution
		HideSolutionNode = FALSE
	EndGlobalSection
	GlobalSection(ExtensibilityGlobals) = postSolution
		SolutionGuid = {9F8A3680-0A4F-46D4-A94E-BA2BB06E7E73}
	EndGlobalSection
EndGlobal
